{
    "_readme": [
        "This file locks the dependencies of your project to a known state",
        "Read more about it at https://getcomposer.org/doc/01-basic-usage.md#installing-dependencies",
        "This file is @generated automatically"
    ],
    "content-hash": "dc4232f67712fb341c9caef3b604a9c9",
    "packages": [
        {
            "name": "nikic/fast-route",
            "version": "v1.3.0",
            "source": {
                "type": "git",
                "url": "https://github.com/nikic/FastRoute.git",
                "reference": "181d480e08d9476e61381e04a71b34dc0432e812"
            },
            "dist": {
                "type": "zip",
                "url": "https://api.github.com/repos/nikic/FastRoute/zipball/181d480e08d9476e61381e04a71b34dc0432e812",
                "reference": "181d480e08d9476e61381e04a71b34dc0432e812",
                "shasum": ""
            },
            "require": {
                "php": ">=5.4.0"
            },
            "require-dev": {
                "phpunit/phpunit": "^4.8.35|~5.7"
            },
            "type": "library",
            "autoload": {
                "files": [
                    "src/functions.php"
                ],
                "psr-4": {
                    "FastRoute\\": "src/"
                }
            },
            "notification-url": "https://packagist.org/downloads/",
            "license": [
                "BSD-3-Clause"
            ],
            "authors": [
                {
                    "name": "Nikita Popov",
                    "email": "nikic@php.net"
                }
            ],
            "description": "Fast request router for PHP",
            "keywords": [
                "router",
                "routing"
            ],
            "support": {
                "issues": "https://github.com/nikic/FastRoute/issues",
                "source": "https://github.com/nikic/FastRoute/tree/master"
            },
            "time": "2018-02-13T20:26:39+00:00"
        },
        {
            "name": "workerman/coroutine",
            "version": "v1.1.4",
            "source": {
                "type": "git",
                "url": "https://github.com/workerman-php/coroutine.git",
                "reference": "b0bebfa9d41b992ad0a835ddf2ee8fa5d58eca44"
            },
            "dist": {
                "type": "zip",
                "url": "https://api.github.com/repos/workerman-php/coroutine/zipball/b0bebfa9d41b992ad0a835ddf2ee8fa5d58eca44",
                "reference": "b0bebfa9d41b992ad0a835ddf2ee8fa5d58eca44",
                "shasum": ""
            },
            "require": {
                "php": ">=8.1"
            },
            "require-dev": {
                "phpunit/phpunit": "^11.0",
                "psr/log": "*"
            },
            "type": "library",
            "autoload": {
                "psr-4": {
                    "Workerman\\": "src",
                    "Workerman\\Coroutine\\": "src"
                }
            },
            "notification-url": "https://packagist.org/downloads/",
            "license": [
                "MIT"
            ],
            "description": "Workerman coroutine",
            "support": {
                "issues": "https://github.com/workerman-php/coroutine/issues",
                "source": "https://github.com/workerman-php/coroutine/tree/v1.1.4"
            },
            "time": "2025-10-11T15:09:08+00:00"
        },
        {
            "name": "workerman/workerman",
            "version": "v5.1.4",
            "source": {
                "type": "git",
                "url": "https://github.com/walkor/workerman.git",
                "reference": "ff4e17babdc92b16b3252060233c88f6c2e9a61a"
            },
            "dist": {
                "type": "zip",
                "url": "https://api.github.com/repos/walkor/workerman/zipball/ff4e17babdc92b16b3252060233c88f6c2e9a61a",
                "reference": "ff4e17babdc92b16b3252060233c88f6c2e9a61a",
                "shasum": ""
            },
            "require": {
                "ext-json": "*",
                "php": ">=8.1",
                "workerman/coroutine": "^1.1 || dev-main"
            },
            "conflict": {
                "ext-swow": "<v1.0.0"
            },
            "require-dev": {
                "guzzlehttp/guzzle": "^7.0",
                "mockery/mockery": "^1.6",
                "pestphp/pest": "2.x-dev",
                "phpstan/phpstan": "1.11.x-dev"
            },
            "suggest": {
                "ext-event": "For better performance. "
            },
            "type": "library",
            "autoload": {
                "psr-4": {
                    "Workerman\\": "src"
                }
            },
            "notification-url": "https://packagist.org/downloads/",
            "license": [
                "MIT"
            ],
            "authors": [
                {
                    "name": "walkor",
                    "email": "walkor@workerman.net",
                    "homepage": "https://www.workerman.net",
                    "role": "Developer"
                }
            ],
            "description": "An asynchronous event driven PHP framework for easily building fast, scalable network applications.",
            "homepage": "https://www.workerman.net",
            "keywords": [
                "asynchronous",
                "event-loop",
                "framework",
                "http"
            ],
            "support": {
                "email": "walkor@workerman.net",
                "forum": "https://www.workerman.net/questions",
                "issues": "https://github.com/walkor/workerman/issues",
                "source": "https://github.com/walkor/workerman",
                "wiki": "https://www.workerman.net/doc/workerman/"
            },
            "funding": [
                {
                    "url": "https://opencollective.com/workerman",
                    "type": "open_collective"
                },
                {
                    "url": "https://www.patreon.com/walkor",
                    "type": "patreon"
                }
            ],
            "time": "2025-10-12T07:54:18+00:00"
        }
    ],
    "packages-dev": [],
    "aliases": [],
    "minimum-stability": "stable",
    "stability-flags": {},
    "prefer-stable": true,
    "prefer-lowest": false,
    "platform": {
        "php": ">=8.0"
    },
    "platform-dev": {},
    "plugin-api-version": "2.6.0"
}
